
Microsoft Visual Studio Solution File, Format Version 12.00
# Visual Studio Version 17
VisualStudioVersion = 17.12.35521.163
MinimumVisualStudioVersion = 10.0.40219.1
Project("{2150E333-8FDC-42A3-9474-1A3956D46DE8}") = "0.Layer Seedwork", "0.Layer Seedwork", "{CB14BAC0-2388-44F6-B705-C8CF18EFDF51}"
EndProject
Project("{2150E333-8FDC-42A3-9474-1A3956D46DE8}") = "1.Distributed Services", "1.Distributed Services", "{930ECF51-DD0E-4677-BA03-3321A522EC89}"
EndProject
Project("{2150E333-8FDC-42A3-9474-1A3956D46DE8}") = "2.Application", "2.Application", "{4952CCB1-3078-4CF2-81EC-D554BFD58D49}"
EndProject
Project("{2150E333-8FDC-42A3-9474-1A3956D46DE8}") = "3.Domain", "3.Domain", "{8709B304-7585-453F-9B26-8EBFFD066D15}"
EndProject
Project("{2150E333-8FDC-42A3-9474-1A3956D46DE8}") = "4.Infrastructure", "4.Infrastructure", "{9E1C5F02-3B88-4F4D-BF66-D77357396D5C}"
EndProject
Project("{FAE04EC0-301F-11D3-BF4B-00C04F79EFBC}") = "PERFISOFT.VENTASPLATFORM.SEEDWORK", "PERFISOFT.VENTASPLATFORM.SEEDWORK\PERFISOFT.VENTASPLATFORM.SEEDWORK.csproj", "{748F3A2F-CCBA-4D00-8D13-56A5D490A8B4}"
EndProject
Project("{FAE04EC0-301F-11D3-BF4B-00C04F79EFBC}") = "PERFISOFT.VENTASPLATFORM.SEEDWORK.DOMAIN", "PERFISOFT.VENTASPLATFORM.SEEDWORK.DOMAIN\PERFISOFT.VENTASPLATFORM.SEEDWORK.DOMAIN.csproj", "{9320AD34-B594-4099-9F88-0FA17185D4B7}"
EndProject
Project("{FAE04EC0-301F-11D3-BF4B-00C04F79EFBC}") = "PERFISOFT.VENTASPLATFORM.API", "PERFISOFT.VENTASPLATFORM.API\PERFISOFT.VENTASPLATFORM.API.csproj", "{A630C273-6DF7-4873-9DF4-3F44A16EE01A}"
EndProject
Project("{FAE04EC0-301F-11D3-BF4B-00C04F79EFBC}") = "PERFISOFT.VENTASPLATFORM.APPLICATION", "PERFISOFT.VENTASPLATFORM.APPLICATION\PERFISOFT.VENTASPLATFORM.APPLICATION.csproj", "{D17E2A74-B0BC-4E95-91D2-43722FA0B218}"
EndProject
Project("{FAE04EC0-301F-11D3-BF4B-00C04F79EFBC}") = "PERFISOFT.VENTASPLATFORM.APPLICATION.COMMON", "PERFISOFT.VENTASPLATFORM.APPLICATION.COMMON\PERFISOFT.VENTASPLATFORM.APPLICATION.COMMON.csproj", "{706DA060-B721-4F07-AC9E-769024EC0640}"
EndProject
Project("{FAE04EC0-301F-11D3-BF4B-00C04F79EFBC}") = "PERFISOFT.VENTASPLATFORM.DOMAIN", "PERFISOFT.VENTASPLATFORM.DOMAIN\PERFISOFT.VENTASPLATFORM.DOMAIN.csproj", "{C12C88AB-CEC6-47A3-92D4-F3A7466F3AAF}"
EndProject
Project("{FAE04EC0-301F-11D3-BF4B-00C04F79EFBC}") = "PERFISOFT.VENTASPLATFORM.INFRASTRUCTURE.COMMON", "PERFISOFT.VENTASPLATFORM.INFRASTRUCTURE.COMMON\PERFISOFT.VENTASPLATFORM.INFRASTRUCTURE.COMMON.csproj", "{A83479B5-64C4-4C82-B180-4055C5C9E152}"
EndProject
Project("{FAE04EC0-301F-11D3-BF4B-00C04F79EFBC}") = "PERFISOFT.VENTASPLATFORM.INFRASTRUCTURE.CROSSCUTTING", "PERFISOFT.VENTASPLATFORM.INFRASTRUCTURE.CROSSCUTTING\PERFISOFT.VENTASPLATFORM.INFRASTRUCTURE.CROSSCUTTING.csproj", "{9ABF0632-08C5-4FF0-8BEE-ADA762FBFBB9}"
EndProject
Project("{FAE04EC0-301F-11D3-BF4B-00C04F79EFBC}") = "PERFISOFT.VENTASPLATFORM.INFRASTRUCTURE.DTO", "PERFISOFT.VENTASPLATFORM.INFRASTRUCTURE.DTO\PERFISOFT.VENTASPLATFORM.INFRASTRUCTURE.DTO.csproj", "{6746F35A-19EA-414D-A250-2BDE76E92940}"
EndProject
Project("{FAE04EC0-301F-11D3-BF4B-00C04F79EFBC}") = "PERFISOFT.VENTASPLATFORM.INFRASTRUCTURE.REPOSITORY", "PERFISOFT.VENTASPLATFORM.INFRASTRUCTURE.REPOSITORY\PERFISOFT.VENTASPLATFORM.INFRASTRUCTURE.REPOSITORY.csproj", "{488C62CF-FD00-4B1B-B577-10479C3C0934}"
EndProject
Project("{FAE04EC0-301F-11D3-BF4B-00C04F79EFBC}") = "PERFISOFT.VENTASPLATFORM.INFRASTRUCTURE.SERVICES", "PERFISOFT.VENTASPLATFORM.INFRASTRUCTURE.SERVICES\PERFISOFT.VENTASPLATFORM.INFRASTRUCTURE.SERVICES.csproj", "{A793057F-ADA8-45F4-A0A9-2A159622F645}"
EndProject
Global
	GlobalSection(SolutionConfigurationPlatforms) = preSolution
		Debug|Any CPU = Debug|Any CPU
		Release|Any CPU = Release|Any CPU
	EndGlobalSection
	GlobalSection(ProjectConfigurationPlatforms) = postSolution
		{748F3A2F-CCBA-4D00-8D13-56A5D490A8B4}.Debug|Any CPU.ActiveCfg = Debug|Any CPU
		{748F3A2F-CCBA-4D00-8D13-56A5D490A8B4}.Debug|Any CPU.Build.0 = Debug|Any CPU
		{748F3A2F-CCBA-4D00-8D13-56A5D490A8B4}.Release|Any CPU.ActiveCfg = Release|Any CPU
		{748F3A2F-CCBA-4D00-8D13-56A5D490A8B4}.Release|Any CPU.Build.0 = Release|Any CPU
		{9320AD34-B594-4099-9F88-0FA17185D4B7}.Debug|Any CPU.ActiveCfg = Debug|Any CPU
		{9320AD34-B594-4099-9F88-0FA17185D4B7}.Debug|Any CPU.Build.0 = Debug|Any CPU
		{9320AD34-B594-4099-9F88-0FA17185D4B7}.Release|Any CPU.ActiveCfg = Release|Any CPU
		{9320AD34-B594-4099-9F88-0FA17185D4B7}.Release|Any CPU.Build.0 = Release|Any CPU
		{A630C273-6DF7-4873-9DF4-3F44A16EE01A}.Debug|Any CPU.ActiveCfg = Debug|Any CPU
		{A630C273-6DF7-4873-9DF4-3F44A16EE01A}.Debug|Any CPU.Build.0 = Debug|Any CPU
		{A630C273-6DF7-4873-9DF4-3F44A16EE01A}.Release|Any CPU.ActiveCfg = Release|Any CPU
		{A630C273-6DF7-4873-9DF4-3F44A16EE01A}.Release|Any CPU.Build.0 = Release|Any CPU
		{D17E2A74-B0BC-4E95-91D2-43722FA0B218}.Debug|Any CPU.ActiveCfg = Debug|Any CPU
		{D17E2A74-B0BC-4E95-91D2-43722FA0B218}.Debug|Any CPU.Build.0 = Debug|Any CPU
		{D17E2A74-B0BC-4E95-91D2-43722FA0B218}.Release|Any CPU.ActiveCfg = Release|Any CPU
		{D17E2A74-B0BC-4E95-91D2-43722FA0B218}.Release|Any CPU.Build.0 = Release|Any CPU
		{706DA060-B721-4F07-AC9E-769024EC0640}.Debug|Any CPU.ActiveCfg = Debug|Any CPU
		{706DA060-B721-4F07-AC9E-769024EC0640}.Debug|Any CPU.Build.0 = Debug|Any CPU
		{706DA060-B721-4F07-AC9E-769024EC0640}.Release|Any CPU.ActiveCfg = Release|Any CPU
		{706DA060-B721-4F07-AC9E-769024EC0640}.Release|Any CPU.Build.0 = Release|Any CPU
		{C12C88AB-CEC6-47A3-92D4-F3A7466F3AAF}.Debug|Any CPU.ActiveCfg = Debug|Any CPU
		{C12C88AB-CEC6-47A3-92D4-F3A7466F3AAF}.Debug|Any CPU.Build.0 = Debug|Any CPU
		{C12C88AB-CEC6-47A3-92D4-F3A7466F3AAF}.Release|Any CPU.ActiveCfg = Release|Any CPU
		{C12C88AB-CEC6-47A3-92D4-F3A7466F3AAF}.Release|Any CPU.Build.0 = Release|Any CPU
		{A83479B5-64C4-4C82-B180-4055C5C9E152}.Debug|Any CPU.ActiveCfg = Debug|Any CPU
		{A83479B5-64C4-4C82-B180-4055C5C9E152}.Debug|Any CPU.Build.0 = Debug|Any CPU
		{A83479B5-64C4-4C82-B180-4055C5C9E152}.Release|Any CPU.ActiveCfg = Release|Any CPU
		{A83479B5-64C4-4C82-B180-4055C5C9E152}.Release|Any CPU.Build.0 = Release|Any CPU
		{9ABF0632-08C5-4FF0-8BEE-ADA762FBFBB9}.Debug|Any CPU.ActiveCfg = Debug|Any CPU
		{9ABF0632-08C5-4FF0-8BEE-ADA762FBFBB9}.Debug|Any CPU.Build.0 = Debug|Any CPU
		{9ABF0632-08C5-4FF0-8BEE-ADA762FBFBB9}.Release|Any CPU.ActiveCfg = Release|Any CPU
		{9ABF0632-08C5-4FF0-8BEE-ADA762FBFBB9}.Release|Any CPU.Build.0 = Release|Any CPU
		{6746F35A-19EA-414D-A250-2BDE76E92940}.Debug|Any CPU.ActiveCfg = Debug|Any CPU
		{6746F35A-19EA-414D-A250-2BDE76E92940}.Debug|Any CPU.Build.0 = Debug|Any CPU
		{6746F35A-19EA-414D-A250-2BDE76E92940}.Release|Any CPU.ActiveCfg = Release|Any CPU
		{6746F35A-19EA-414D-A250-2BDE76E92940}.Release|Any CPU.Build.0 = Release|Any CPU
		{488C62CF-FD00-4B1B-B577-10479C3C0934}.Debug|Any CPU.ActiveCfg = Debug|Any CPU
		{488C62CF-FD00-4B1B-B577-10479C3C0934}.Debug|Any CPU.Build.0 = Debug|Any CPU
		{488C62CF-FD00-4B1B-B577-10479C3C0934}.Release|Any CPU.ActiveCfg = Release|Any CPU
		{488C62CF-FD00-4B1B-B577-10479C3C0934}.Release|Any CPU.Build.0 = Release|Any CPU
		{A793057F-ADA8-45F4-A0A9-2A159622F645}.Debug|Any CPU.ActiveCfg = Debug|Any CPU
		{A793057F-ADA8-45F4-A0A9-2A159622F645}.Debug|Any CPU.Build.0 = Debug|Any CPU
		{A793057F-ADA8-45F4-A0A9-2A159622F645}.Release|Any CPU.ActiveCfg = Release|Any CPU
		{A793057F-ADA8-45F4-A0A9-2A159622F645}.Release|Any CPU.Build.0 = Release|Any CPU
	EndGlobalSection
	GlobalSection(SolutionProperties) = preSolution
		HideSolutionNode = FALSE
	EndGlobalSection
	GlobalSection(NestedProjects) = preSolution
		{748F3A2F-CCBA-4D00-8D13-56A5D490A8B4} = {CB14BAC0-2388-44F6-B705-C8CF18EFDF51}
		{9320AD34-B594-4099-9F88-0FA17185D4B7} = {CB14BAC0-2388-44F6-B705-C8CF18EFDF51}
		{A630C273-6DF7-4873-9DF4-3F44A16EE01A} = {930ECF51-DD0E-4677-BA03-3321A522EC89}
		{D17E2A74-B0BC-4E95-91D2-43722FA0B218} = {4952CCB1-3078-4CF2-81EC-D554BFD58D49}
		{706DA060-B721-4F07-AC9E-769024EC0640} = {4952CCB1-3078-4CF2-81EC-D554BFD58D49}
		{C12C88AB-CEC6-47A3-92D4-F3A7466F3AAF} = {8709B304-7585-453F-9B26-8EBFFD066D15}
		{A83479B5-64C4-4C82-B180-4055C5C9E152} = {9E1C5F02-3B88-4F4D-BF66-D77357396D5C}
		{9ABF0632-08C5-4FF0-8BEE-ADA762FBFBB9} = {9E1C5F02-3B88-4F4D-BF66-D77357396D5C}
		{6746F35A-19EA-414D-A250-2BDE76E92940} = {9E1C5F02-3B88-4F4D-BF66-D77357396D5C}
		{488C62CF-FD00-4B1B-B577-10479C3C0934} = {9E1C5F02-3B88-4F4D-BF66-D77357396D5C}
		{A793057F-ADA8-45F4-A0A9-2A159622F645} = {9E1C5F02-3B88-4F4D-BF66-D77357396D5C}
	EndGlobalSection
EndGlobal
